<?xml version="1.0" encoding="utf-8"?>
<Project ToolsVersion="4.0" xmlns="http://schemas.microsoft.com/developer/msbuild/2003">
  <ItemGroup>
    <ClCompile Include="Login.cpp" />
    <ClCompile Include="NepjuneCalender1.cpp" />
    <ClCompile Include="PakForm.cpp" />
    <ClCompile Include="regist.cpp" />
    <ClCompile Include="ToeyMenu.cpp" />
    <ClCompile Include="sendMail.cpp" />
    <ClCompile Include="MoveToMp.cpp" />
    <ClCompile Include="partnerRegist.cpp" />
    <ClCompile Include="MyForm.cpp" />
    <ClCompile Include="MyUserControl.cpp" />
    <ClCompile Include="Profile.cpp" />
    <ClCompile Include="MPBarnd.cpp" />
    <ClCompile Include="BarMapraw.cpp" />
    <ClCompile Include="BarGong.cpp" />
  </ItemGroup>
  <ItemGroup>
    <ClCompile Include="PakForm.cpp">
      <Filter>Source Files</Filter>
    </ClCompile>
    <ClCompile Include="Login.cpp">
      <Filter>Source Files</Filter>
    </ClCompile>
    <ClCompile Include="ToeyMenu.cpp">
      <Filter>Source Files</Filter>
    </ClCompile>
  </ItemGroup>
  <ItemGroup>
    <ClInclude Include="Login.h" />
    <ClInclude Include="MyForm.h" />
    <ClInclude Include="MyUserControl.h" />
    <ClInclude Include="Profile.h" />
    <ClInclude Include="PakForm.h" />
    <ClInclude Include="ToeyMenu.h" />
    <ClInclude Include="MPBarnd.h" />
    <ClInclude Include="BarMapraw.h" />
    <ClInclude Include="BarGong.h" />
  </ItemGroup>
  <ItemGroup>
    <None Include="packages.config" />
    <ClInclude Include="Login.h" />
    <ClInclude Include="NepjuneCalender1.h" />
    <ClInclude Include="PakForm.h" />
    <ClInclude Include="regist.h" />
    <ClInclude Include="ToeyMenu.h" />
    <ClInclude Include="User.h" />
    <ClInclude Include="sendMail.h" />
    <ClInclude Include="MoveToMp.h" />
    <ClInclude Include="partnerRegist.h" />
  </ItemGroup>
</Project>