<?xml version="1.0" encoding="utf-8"?>
<Project ToolsVersion="4.0" xmlns="http://schemas.microsoft.com/developer/msbuild/2003">
  <ItemGroup>
    <ClCompile Include="Login.cpp" />
    <ClCompile Include="MPBar.cpp" />
    <ClCompile Include="NepjuneCalender1.cpp" />
    <ClCompile Include="PakForm.cpp" />
    <ClCompile Include="regist.cpp" />
    <ClCompile Include="ToeyMenu.cpp" />
    <ClCompile Include="sendMail.cpp" />
    <ClCompile Include="MoveToMp.cpp" />
    <ClCompile Include="partnerRegist.cpp" />
  </ItemGroup>
  <ItemGroup>
    <ClInclude Include="Login.h" />
    <ClInclude Include="MPBar.h" />
    <ClInclude Include="NepjuneCalender1.h" />
    <ClInclude Include="PakForm.h" />
    <ClInclude Include="regist.h" />
    <ClInclude Include="ToeyMenu.h" />
    <ClInclude Include="User.h" />
    <ClInclude Include="sendMail.h" />
    <ClInclude Include="MoveToMp.h" />
    <ClInclude Include="partnerRegist.h" />
  </ItemGroup>
</Project>